
Microsoft Visual Studio Solution File, Format Version 12.00
# Visual Studio Version 17
VisualStudioVersion = 17.0.31903.59
MinimumVisualStudioVersion = 10.0.40219.1
Project("{FAE04EC0-301F-11D3-BF4B-00C04F79EFBC}") = "Networker.Contracts", "Networker.Contracts\Networker.Contracts.csproj", "{A1B2C3D4-0001-4000-8000-000000000001}"
EndProject
Project("{FAE04EC0-301F-11D3-BF4B-00C04F79EFBC}") = "Networker.Agent", "Networker.Agent\Networker.Agent.csproj", "{A1B2C3D4-0002-4000-8000-000000000002}"
EndProject
Project("{FAE04EC0-301F-11D3-BF4B-00C04F79EFBC}") = "Networker.Data", "Networker.Data\Networker.Data.csproj", "{04B5E0D1-14C8-4010-B08B-FB4ED1F17181}"
EndProject
Project("{FAE04EC0-301F-11D3-BF4B-00C04F79EFBC}") = "Networker.ControlPlane", "Networker.ControlPlane\Networker.ControlPlane.csproj", "{1045186F-569E-4774-A573-78F61FF05884}"
EndProject
Project("{FAE04EC0-301F-11D3-BF4B-00C04F79EFBC}") = "Networker.Tests", "Networker.Tests\Networker.Tests.csproj", "{A3832A36-8A63-4FD7-B261-4D8E19F9C6B0}"
EndProject
Global
	GlobalSection(SolutionConfigurationPlatforms) = preSolution
		Debug|Any CPU = Debug|Any CPU
		Debug|x64 = Debug|x64
		Debug|x86 = Debug|x86
		Release|Any CPU = Release|Any CPU
		Release|x64 = Release|x64
		Release|x86 = Release|x86
	EndGlobalSection
	GlobalSection(ProjectConfigurationPlatforms) = postSolution
		{A1B2C3D4-0001-4000-8000-000000000001}.Debug|Any CPU.ActiveCfg = Debug|Any CPU
		{A1B2C3D4-0001-4000-8000-000000000001}.Debug|Any CPU.Build.0 = Debug|Any CPU
		{A1B2C3D4-0001-4000-8000-000000000001}.Debug|x64.ActiveCfg = Debug|Any CPU
		{A1B2C3D4-0001-4000-8000-000000000001}.Debug|x64.Build.0 = Debug|Any CPU
		{A1B2C3D4-0001-4000-8000-000000000001}.Debug|x86.ActiveCfg = Debug|Any CPU
		{A1B2C3D4-0001-4000-8000-000000000001}.Debug|x86.Build.0 = Debug|Any CPU
		{A1B2C3D4-0001-4000-8000-000000000001}.Release|Any CPU.ActiveCfg = Release|Any CPU
		{A1B2C3D4-0001-4000-8000-000000000001}.Release|Any CPU.Build.0 = Release|Any CPU
		{A1B2C3D4-0001-4000-8000-000000000001}.Release|x64.ActiveCfg = Release|Any CPU
		{A1B2C3D4-0001-4000-8000-000000000001}.Release|x64.Build.0 = Release|Any CPU
		{A1B2C3D4-0001-4000-8000-000000000001}.Release|x86.ActiveCfg = Release|Any CPU
		{A1B2C3D4-0001-4000-8000-000000000001}.Release|x86.Build.0 = Release|Any CPU
		{A1B2C3D4-0002-4000-8000-000000000002}.Debug|Any CPU.ActiveCfg = Debug|Any CPU
		{A1B2C3D4-0002-4000-8000-000000000002}.Debug|Any CPU.Build.0 = Debug|Any CPU
		{A1B2C3D4-0002-4000-8000-000000000002}.Debug|x64.ActiveCfg = Debug|Any CPU
		{A1B2C3D4-0002-4000-8000-000000000002}.Debug|x64.Build.0 = Debug|Any CPU
		{A1B2C3D4-0002-4000-8000-000000000002}.Debug|x86.ActiveCfg = Debug|Any CPU
		{A1B2C3D4-0002-4000-8000-000000000002}.Debug|x86.Build.0 = Debug|Any CPU
		{A1B2C3D4-0002-4000-8000-000000000002}.Release|Any CPU.ActiveCfg = Release|Any CPU
		{A1B2C3D4-0002-4000-8000-000000000002}.Release|Any CPU.Build.0 = Release|Any CPU
		{A1B2C3D4-0002-4000-8000-000000000002}.Release|x64.ActiveCfg = Release|Any CPU
		{A1B2C3D4-0002-4000-8000-000000000002}.Release|x64.Build.0 = Release|Any CPU
		{A1B2C3D4-0002-4000-8000-000000000002}.Release|x86.ActiveCfg = Release|Any CPU
		{A1B2C3D4-0002-4000-8000-000000000002}.Release|x86.Build.0 = Release|Any CPU
		{04B5E0D1-14C8-4010-B08B-FB4ED1F17181}.Debug|Any CPU.ActiveCfg = Debug|Any CPU
		{04B5E0D1-14C8-4010-B08B-FB4ED1F17181}.Debug|Any CPU.Build.0 = Debug|Any CPU
		{04B5E0D1-14C8-4010-B08B-FB4ED1F17181}.Debug|x64.ActiveCfg = Debug|Any CPU
		{04B5E0D1-14C8-4010-B08B-FB4ED1F17181}.Debug|x64.Build.0 = Debug|Any CPU
		{04B5E0D1-14C8-4010-B08B-FB4ED1F17181}.Debug|x86.ActiveCfg = Debug|Any CPU
		{04B5E0D1-14C8-4010-B08B-FB4ED1F17181}.Debug|x86.Build.0 = Debug|Any CPU
		{04B5E0D1-14C8-4010-B08B-FB4ED1F17181}.Release|Any CPU.ActiveCfg = Release|Any CPU
		{04B5E0D1-14C8-4010-B08B-FB4ED1F17181}.Release|Any CPU.Build.0 = Release|Any CPU
		{04B5E0D1-14C8-4010-B08B-FB4ED1F17181}.Release|x64.ActiveCfg = Release|Any CPU
		{04B5E0D1-14C8-4010-B08B-FB4ED1F17181}.Release|x64.Build.0 = Release|Any CPU
		{04B5E0D1-14C8-4010-B08B-FB4ED1F17181}.Release|x86.ActiveCfg = Release|Any CPU
		{04B5E0D1-14C8-4010-B08B-FB4ED1F17181}.Release|x86.Build.0 = Release|Any CPU
		{1045186F-569E-4774-A573-78F61FF05884}.Debug|Any CPU.ActiveCfg = Debug|Any CPU
		{1045186F-569E-4774-A573-78F61FF05884}.Debug|Any CPU.Build.0 = Debug|Any CPU
		{1045186F-569E-4774-A573-78F61FF05884}.Debug|x64.ActiveCfg = Debug|Any CPU
		{1045186F-569E-4774-A573-78F61FF05884}.Debug|x64.Build.0 = Debug|Any CPU
		{1045186F-569E-4774-A573-78F61FF05884}.Debug|x86.ActiveCfg = Debug|Any CPU
		{1045186F-569E-4774-A573-78F61FF05884}.Debug|x86.Build.0 = Debug|Any CPU
		{1045186F-569E-4774-A573-78F61FF05884}.Release|Any CPU.ActiveCfg = Release|Any CPU
		{1045186F-569E-4774-A573-78F61FF05884}.Release|Any CPU.Build.0 = Release|Any CPU
		{1045186F-569E-4774-A573-78F61FF05884}.Release|x64.ActiveCfg = Release|Any CPU
		{1045186F-569E-4774-A573-78F61FF05884}.Release|x64.Build.0 = Release|Any CPU
		{1045186F-569E-4774-A573-78F61FF05884}.Release|x86.ActiveCfg = Release|Any CPU
		{1045186F-569E-4774-A573-78F61FF05884}.Release|x86.Build.0 = Release|Any CPU
		{A3832A36-8A63-4FD7-B261-4D8E19F9C6B0}.Debug|Any CPU.ActiveCfg = Debug|Any CPU
		{A3832A36-8A63-4FD7-B261-4D8E19F9C6B0}.Debug|Any CPU.Build.0 = Debug|Any CPU
		{A3832A36-8A63-4FD7-B261-4D8E19F9C6B0}.Debug|x64.ActiveCfg = Debug|Any CPU
		{A3832A36-8A63-4FD7-B261-4D8E19F9C6B0}.Debug|x64.Build.0 = Debug|Any CPU
		{A3832A36-8A63-4FD7-B261-4D8E19F9C6B0}.Debug|x86.ActiveCfg = Debug|Any CPU
		{A3832A36-8A63-4FD7-B261-4D8E19F9C6B0}.Debug|x86.Build.0 = Debug|Any CPU
		{A3832A36-8A63-4FD7-B261-4D8E19F9C6B0}.Release|Any CPU.ActiveCfg = Release|Any CPU
		{A3832A36-8A63-4FD7-B261-4D8E19F9C6B0}.Release|Any CPU.Build.0 = Release|Any CPU
		{A3832A36-8A63-4FD7-B261-4D8E19F9C6B0}.Release|x64.ActiveCfg = Release|Any CPU
		{A3832A36-8A63-4FD7-B261-4D8E19F9C6B0}.Release|x64.Build.0 = Release|Any CPU
		{A3832A36-8A63-4FD7-B261-4D8E19F9C6B0}.Release|x86.ActiveCfg = Release|Any CPU
		{A3832A36-8A63-4FD7-B261-4D8E19F9C6B0}.Release|x86.Build.0 = Release|Any CPU
	EndGlobalSection
	GlobalSection(SolutionProperties) = preSolution
		HideSolutionNode = FALSE
	EndGlobalSection
EndGlobal
