Microsoft Visual Studio Solution File, Format Version 12.00
# Visual Studio Version 17
VisualStudioVersion = 17.5.2.0
MinimumVisualStudioVersion = 10.0.40219.1
Project("{2150E333-8FDC-42A3-9474-1A3956D46DE8}") = "benchmarks", "benchmarks", "{66320409-64EC-F7C5-3DEF-65E7510DAAD1}"
EndProject
Project("{2150E333-8FDC-42A3-9474-1A3956D46DE8}") = "reference-apis", "reference-apis", "{6898AE52-AD9F-2B87-4A0F-4AA3CB0E84F2}"
EndProject
Project("{FAE04EC0-301F-11D3-BF4B-00C04F79EFBC}") = "csharp-net9-aot", "benchmarks\reference-apis\csharp-net9-aot\csharp-net9-aot.csproj", "{293FA420-A654-EB84-37E4-B3D791066D06}"
EndProject
Project("{FAE04EC0-301F-11D3-BF4B-00C04F79EFBC}") = "csharp-net8-aot", "benchmarks\reference-apis\csharp-net8-aot\csharp-net8-aot.csproj", "{1D7FD083-6527-7F85-BDC5-25BE3E58031B}"
EndProject
Project("{FAE04EC0-301F-11D3-BF4B-00C04F79EFBC}") = "csharp-net10-aot", "benchmarks\reference-apis\csharp-net10-aot\csharp-net10-aot.csproj", "{7CA19D98-7423-8915-D4B0-A26ED9EC8A2E}"
EndProject
Project("{FAE04EC0-301F-11D3-BF4B-00C04F79EFBC}") = "csharp-net10", "benchmarks\reference-apis\csharp-net10\csharp-net10.csproj", "{17ACE6A6-02D2-8154-791A-C78641315A0B}"
EndProject
Project("{FAE04EC0-301F-11D3-BF4B-00C04F79EFBC}") = "csharp-net8", "benchmarks\reference-apis\csharp-net8\csharp-net8.csproj", "{ACA6847F-6101-7B90-07F3-4395AC033C18}"
EndProject
Project("{FAE04EC0-301F-11D3-BF4B-00C04F79EFBC}") = "csharp-net6", "benchmarks\reference-apis\csharp-net6\csharp-net6.csproj", "{45D41E32-8AE1-1E2E-AE23-A1B4B587D520}"
EndProject
Project("{FAE04EC0-301F-11D3-BF4B-00C04F79EFBC}") = "csharp-net7", "benchmarks\reference-apis\csharp-net7\csharp-net7.csproj", "{83632466-DCF6-C351-4D72-D010838D85BB}"
EndProject
Project("{FAE04EC0-301F-11D3-BF4B-00C04F79EFBC}") = "csharp-net9", "benchmarks\reference-apis\csharp-net9\csharp-net9.csproj", "{51112FF0-4325-A709-8B63-784B015C54E6}"
EndProject
Global
	GlobalSection(SolutionConfigurationPlatforms) = preSolution
		Debug|Any CPU = Debug|Any CPU
		Release|Any CPU = Release|Any CPU
	EndGlobalSection
	GlobalSection(ProjectConfigurationPlatforms) = postSolution
		{293FA420-A654-EB84-37E4-B3D791066D06}.Debug|Any CPU.ActiveCfg = Debug|Any CPU
		{293FA420-A654-EB84-37E4-B3D791066D06}.Debug|Any CPU.Build.0 = Debug|Any CPU
		{293FA420-A654-EB84-37E4-B3D791066D06}.Release|Any CPU.ActiveCfg = Release|Any CPU
		{293FA420-A654-EB84-37E4-B3D791066D06}.Release|Any CPU.Build.0 = Release|Any CPU
		{1D7FD083-6527-7F85-BDC5-25BE3E58031B}.Debug|Any CPU.ActiveCfg = Debug|Any CPU
		{1D7FD083-6527-7F85-BDC5-25BE3E58031B}.Debug|Any CPU.Build.0 = Debug|Any CPU
		{1D7FD083-6527-7F85-BDC5-25BE3E58031B}.Release|Any CPU.ActiveCfg = Release|Any CPU
		{1D7FD083-6527-7F85-BDC5-25BE3E58031B}.Release|Any CPU.Build.0 = Release|Any CPU
		{7CA19D98-7423-8915-D4B0-A26ED9EC8A2E}.Debug|Any CPU.ActiveCfg = Debug|Any CPU
		{7CA19D98-7423-8915-D4B0-A26ED9EC8A2E}.Debug|Any CPU.Build.0 = Debug|Any CPU
		{7CA19D98-7423-8915-D4B0-A26ED9EC8A2E}.Release|Any CPU.ActiveCfg = Release|Any CPU
		{7CA19D98-7423-8915-D4B0-A26ED9EC8A2E}.Release|Any CPU.Build.0 = Release|Any CPU
		{17ACE6A6-02D2-8154-791A-C78641315A0B}.Debug|Any CPU.ActiveCfg = Debug|Any CPU
		{17ACE6A6-02D2-8154-791A-C78641315A0B}.Debug|Any CPU.Build.0 = Debug|Any CPU
		{17ACE6A6-02D2-8154-791A-C78641315A0B}.Release|Any CPU.ActiveCfg = Release|Any CPU
		{17ACE6A6-02D2-8154-791A-C78641315A0B}.Release|Any CPU.Build.0 = Release|Any CPU
		{ACA6847F-6101-7B90-07F3-4395AC033C18}.Debug|Any CPU.ActiveCfg = Debug|Any CPU
		{ACA6847F-6101-7B90-07F3-4395AC033C18}.Debug|Any CPU.Build.0 = Debug|Any CPU
		{ACA6847F-6101-7B90-07F3-4395AC033C18}.Release|Any CPU.ActiveCfg = Release|Any CPU
		{ACA6847F-6101-7B90-07F3-4395AC033C18}.Release|Any CPU.Build.0 = Release|Any CPU
		{45D41E32-8AE1-1E2E-AE23-A1B4B587D520}.Debug|Any CPU.ActiveCfg = Debug|Any CPU
		{45D41E32-8AE1-1E2E-AE23-A1B4B587D520}.Debug|Any CPU.Build.0 = Debug|Any CPU
		{45D41E32-8AE1-1E2E-AE23-A1B4B587D520}.Release|Any CPU.ActiveCfg = Release|Any CPU
		{45D41E32-8AE1-1E2E-AE23-A1B4B587D520}.Release|Any CPU.Build.0 = Release|Any CPU
		{83632466-DCF6-C351-4D72-D010838D85BB}.Debug|Any CPU.ActiveCfg = Debug|Any CPU
		{83632466-DCF6-C351-4D72-D010838D85BB}.Debug|Any CPU.Build.0 = Debug|Any CPU
		{83632466-DCF6-C351-4D72-D010838D85BB}.Release|Any CPU.ActiveCfg = Release|Any CPU
		{83632466-DCF6-C351-4D72-D010838D85BB}.Release|Any CPU.Build.0 = Release|Any CPU
		{51112FF0-4325-A709-8B63-784B015C54E6}.Debug|Any CPU.ActiveCfg = Debug|Any CPU
		{51112FF0-4325-A709-8B63-784B015C54E6}.Debug|Any CPU.Build.0 = Debug|Any CPU
		{51112FF0-4325-A709-8B63-784B015C54E6}.Release|Any CPU.ActiveCfg = Release|Any CPU
		{51112FF0-4325-A709-8B63-784B015C54E6}.Release|Any CPU.Build.0 = Release|Any CPU
	EndGlobalSection
	GlobalSection(SolutionProperties) = preSolution
		HideSolutionNode = FALSE
	EndGlobalSection
	GlobalSection(NestedProjects) = preSolution
		{6898AE52-AD9F-2B87-4A0F-4AA3CB0E84F2} = {66320409-64EC-F7C5-3DEF-65E7510DAAD1}
		{293FA420-A654-EB84-37E4-B3D791066D06} = {6898AE52-AD9F-2B87-4A0F-4AA3CB0E84F2}
		{1D7FD083-6527-7F85-BDC5-25BE3E58031B} = {6898AE52-AD9F-2B87-4A0F-4AA3CB0E84F2}
		{7CA19D98-7423-8915-D4B0-A26ED9EC8A2E} = {6898AE52-AD9F-2B87-4A0F-4AA3CB0E84F2}
		{17ACE6A6-02D2-8154-791A-C78641315A0B} = {6898AE52-AD9F-2B87-4A0F-4AA3CB0E84F2}
		{ACA6847F-6101-7B90-07F3-4395AC033C18} = {6898AE52-AD9F-2B87-4A0F-4AA3CB0E84F2}
		{45D41E32-8AE1-1E2E-AE23-A1B4B587D520} = {6898AE52-AD9F-2B87-4A0F-4AA3CB0E84F2}
		{83632466-DCF6-C351-4D72-D010838D85BB} = {6898AE52-AD9F-2B87-4A0F-4AA3CB0E84F2}
		{51112FF0-4325-A709-8B63-784B015C54E6} = {6898AE52-AD9F-2B87-4A0F-4AA3CB0E84F2}
	EndGlobalSection
	GlobalSection(ExtensibilityGlobals) = postSolution
		SolutionGuid = {3506CCCE-319F-463B-B53F-06CA18E2AAFB}
	EndGlobalSection
EndGlobal
