
Microsoft Visual Studio Solution File, Format Version 12.00
# Visual Studio Version 17
VisualStudioVersion = 17.0.31903.59
MinimumVisualStudioVersion = 10.0.40219.1
Project("{FAE04EC0-301F-11D3-BF4B-00C04F79EFBC}") = "csharp-net6", "csharp-net6\csharp-net6.csproj", "{C5BA137B-2BF3-438F-ACE5-4EF61BFBF924}"
EndProject
Project("{FAE04EC0-301F-11D3-BF4B-00C04F79EFBC}") = "csharp-net7", "csharp-net7\csharp-net7.csproj", "{604E43A0-695D-43AB-A962-79BE6A1D8C7E}"
EndProject
Project("{FAE04EC0-301F-11D3-BF4B-00C04F79EFBC}") = "csharp-net8", "csharp-net8\csharp-net8.csproj", "{60D3372B-67F8-413F-94BF-FB6740332E83}"
EndProject
Project("{FAE04EC0-301F-11D3-BF4B-00C04F79EFBC}") = "csharp-net8-aot", "csharp-net8-aot\csharp-net8-aot.csproj", "{3B736E67-2192-47B8-916D-F0443804286C}"
EndProject
Project("{FAE04EC0-301F-11D3-BF4B-00C04F79EFBC}") = "csharp-net9", "csharp-net9\csharp-net9.csproj", "{4645DB27-054C-4207-8CC6-40F257ABBFB9}"
EndProject
Project("{FAE04EC0-301F-11D3-BF4B-00C04F79EFBC}") = "csharp-net9-aot", "csharp-net9-aot\csharp-net9-aot.csproj", "{3F632672-D1CE-4549-8EB8-5863C290018E}"
EndProject
Project("{FAE04EC0-301F-11D3-BF4B-00C04F79EFBC}") = "csharp-net10", "csharp-net10\csharp-net10.csproj", "{35A8CD81-5627-4E6C-A45D-D51D25E24C1D}"
EndProject
Project("{FAE04EC0-301F-11D3-BF4B-00C04F79EFBC}") = "csharp-net10-aot", "csharp-net10-aot\csharp-net10-aot.csproj", "{C456AA49-3EDC-4EC0-8481-DF9DDEFBDF4F}"
EndProject
Global
	GlobalSection(SolutionConfigurationPlatforms) = preSolution
		Debug|Any CPU = Debug|Any CPU
		Debug|x64 = Debug|x64
		Debug|x86 = Debug|x86
		Release|Any CPU = Release|Any CPU
		Release|x64 = Release|x64
		Release|x86 = Release|x86
	EndGlobalSection
	GlobalSection(ProjectConfigurationPlatforms) = postSolution
		{C5BA137B-2BF3-438F-ACE5-4EF61BFBF924}.Debug|Any CPU.ActiveCfg = Debug|Any CPU
		{C5BA137B-2BF3-438F-ACE5-4EF61BFBF924}.Debug|Any CPU.Build.0 = Debug|Any CPU
		{C5BA137B-2BF3-438F-ACE5-4EF61BFBF924}.Debug|x64.ActiveCfg = Debug|Any CPU
		{C5BA137B-2BF3-438F-ACE5-4EF61BFBF924}.Debug|x64.Build.0 = Debug|Any CPU
		{C5BA137B-2BF3-438F-ACE5-4EF61BFBF924}.Debug|x86.ActiveCfg = Debug|Any CPU
		{C5BA137B-2BF3-438F-ACE5-4EF61BFBF924}.Debug|x86.Build.0 = Debug|Any CPU
		{C5BA137B-2BF3-438F-ACE5-4EF61BFBF924}.Release|Any CPU.ActiveCfg = Release|Any CPU
		{C5BA137B-2BF3-438F-ACE5-4EF61BFBF924}.Release|Any CPU.Build.0 = Release|Any CPU
		{C5BA137B-2BF3-438F-ACE5-4EF61BFBF924}.Release|x64.ActiveCfg = Release|Any CPU
		{C5BA137B-2BF3-438F-ACE5-4EF61BFBF924}.Release|x64.Build.0 = Release|Any CPU
		{C5BA137B-2BF3-438F-ACE5-4EF61BFBF924}.Release|x86.ActiveCfg = Release|Any CPU
		{C5BA137B-2BF3-438F-ACE5-4EF61BFBF924}.Release|x86.Build.0 = Release|Any CPU
		{604E43A0-695D-43AB-A962-79BE6A1D8C7E}.Debug|Any CPU.ActiveCfg = Debug|Any CPU
		{604E43A0-695D-43AB-A962-79BE6A1D8C7E}.Debug|Any CPU.Build.0 = Debug|Any CPU
		{604E43A0-695D-43AB-A962-79BE6A1D8C7E}.Debug|x64.ActiveCfg = Debug|Any CPU
		{604E43A0-695D-43AB-A962-79BE6A1D8C7E}.Debug|x64.Build.0 = Debug|Any CPU
		{604E43A0-695D-43AB-A962-79BE6A1D8C7E}.Debug|x86.ActiveCfg = Debug|Any CPU
		{604E43A0-695D-43AB-A962-79BE6A1D8C7E}.Debug|x86.Build.0 = Debug|Any CPU
		{604E43A0-695D-43AB-A962-79BE6A1D8C7E}.Release|Any CPU.ActiveCfg = Release|Any CPU
		{604E43A0-695D-43AB-A962-79BE6A1D8C7E}.Release|Any CPU.Build.0 = Release|Any CPU
		{604E43A0-695D-43AB-A962-79BE6A1D8C7E}.Release|x64.ActiveCfg = Release|Any CPU
		{604E43A0-695D-43AB-A962-79BE6A1D8C7E}.Release|x64.Build.0 = Release|Any CPU
		{604E43A0-695D-43AB-A962-79BE6A1D8C7E}.Release|x86.ActiveCfg = Release|Any CPU
		{604E43A0-695D-43AB-A962-79BE6A1D8C7E}.Release|x86.Build.0 = Release|Any CPU
		{60D3372B-67F8-413F-94BF-FB6740332E83}.Debug|Any CPU.ActiveCfg = Debug|Any CPU
		{60D3372B-67F8-413F-94BF-FB6740332E83}.Debug|Any CPU.Build.0 = Debug|Any CPU
		{60D3372B-67F8-413F-94BF-FB6740332E83}.Debug|x64.ActiveCfg = Debug|Any CPU
		{60D3372B-67F8-413F-94BF-FB6740332E83}.Debug|x64.Build.0 = Debug|Any CPU
		{60D3372B-67F8-413F-94BF-FB6740332E83}.Debug|x86.ActiveCfg = Debug|Any CPU
		{60D3372B-67F8-413F-94BF-FB6740332E83}.Debug|x86.Build.0 = Debug|Any CPU
		{60D3372B-67F8-413F-94BF-FB6740332E83}.Release|Any CPU.ActiveCfg = Release|Any CPU
		{60D3372B-67F8-413F-94BF-FB6740332E83}.Release|Any CPU.Build.0 = Release|Any CPU
		{60D3372B-67F8-413F-94BF-FB6740332E83}.Release|x64.ActiveCfg = Release|Any CPU
		{60D3372B-67F8-413F-94BF-FB6740332E83}.Release|x64.Build.0 = Release|Any CPU
		{60D3372B-67F8-413F-94BF-FB6740332E83}.Release|x86.ActiveCfg = Release|Any CPU
		{60D3372B-67F8-413F-94BF-FB6740332E83}.Release|x86.Build.0 = Release|Any CPU
		{3B736E67-2192-47B8-916D-F0443804286C}.Debug|Any CPU.ActiveCfg = Debug|Any CPU
		{3B736E67-2192-47B8-916D-F0443804286C}.Debug|Any CPU.Build.0 = Debug|Any CPU
		{3B736E67-2192-47B8-916D-F0443804286C}.Debug|x64.ActiveCfg = Debug|Any CPU
		{3B736E67-2192-47B8-916D-F0443804286C}.Debug|x64.Build.0 = Debug|Any CPU
		{3B736E67-2192-47B8-916D-F0443804286C}.Debug|x86.ActiveCfg = Debug|Any CPU
		{3B736E67-2192-47B8-916D-F0443804286C}.Debug|x86.Build.0 = Debug|Any CPU
		{3B736E67-2192-47B8-916D-F0443804286C}.Release|Any CPU.ActiveCfg = Release|Any CPU
		{3B736E67-2192-47B8-916D-F0443804286C}.Release|Any CPU.Build.0 = Release|Any CPU
		{3B736E67-2192-47B8-916D-F0443804286C}.Release|x64.ActiveCfg = Release|Any CPU
		{3B736E67-2192-47B8-916D-F0443804286C}.Release|x64.Build.0 = Release|Any CPU
		{3B736E67-2192-47B8-916D-F0443804286C}.Release|x86.ActiveCfg = Release|Any CPU
		{3B736E67-2192-47B8-916D-F0443804286C}.Release|x86.Build.0 = Release|Any CPU
		{4645DB27-054C-4207-8CC6-40F257ABBFB9}.Debug|Any CPU.ActiveCfg = Debug|Any CPU
		{4645DB27-054C-4207-8CC6-40F257ABBFB9}.Debug|Any CPU.Build.0 = Debug|Any CPU
		{4645DB27-054C-4207-8CC6-40F257ABBFB9}.Debug|x64.ActiveCfg = Debug|Any CPU
		{4645DB27-054C-4207-8CC6-40F257ABBFB9}.Debug|x64.Build.0 = Debug|Any CPU
		{4645DB27-054C-4207-8CC6-40F257ABBFB9}.Debug|x86.ActiveCfg = Debug|Any CPU
		{4645DB27-054C-4207-8CC6-40F257ABBFB9}.Debug|x86.Build.0 = Debug|Any CPU
		{4645DB27-054C-4207-8CC6-40F257ABBFB9}.Release|Any CPU.ActiveCfg = Release|Any CPU
		{4645DB27-054C-4207-8CC6-40F257ABBFB9}.Release|Any CPU.Build.0 = Release|Any CPU
		{4645DB27-054C-4207-8CC6-40F257ABBFB9}.Release|x64.ActiveCfg = Release|Any CPU
		{4645DB27-054C-4207-8CC6-40F257ABBFB9}.Release|x64.Build.0 = Release|Any CPU
		{4645DB27-054C-4207-8CC6-40F257ABBFB9}.Release|x86.ActiveCfg = Release|Any CPU
		{4645DB27-054C-4207-8CC6-40F257ABBFB9}.Release|x86.Build.0 = Release|Any CPU
		{3F632672-D1CE-4549-8EB8-5863C290018E}.Debug|Any CPU.ActiveCfg = Debug|Any CPU
		{3F632672-D1CE-4549-8EB8-5863C290018E}.Debug|Any CPU.Build.0 = Debug|Any CPU
		{3F632672-D1CE-4549-8EB8-5863C290018E}.Debug|x64.ActiveCfg = Debug|Any CPU
		{3F632672-D1CE-4549-8EB8-5863C290018E}.Debug|x64.Build.0 = Debug|Any CPU
		{3F632672-D1CE-4549-8EB8-5863C290018E}.Debug|x86.ActiveCfg = Debug|Any CPU
		{3F632672-D1CE-4549-8EB8-5863C290018E}.Debug|x86.Build.0 = Debug|Any CPU
		{3F632672-D1CE-4549-8EB8-5863C290018E}.Release|Any CPU.ActiveCfg = Release|Any CPU
		{3F632672-D1CE-4549-8EB8-5863C290018E}.Release|Any CPU.Build.0 = Release|Any CPU
		{3F632672-D1CE-4549-8EB8-5863C290018E}.Release|x64.ActiveCfg = Release|Any CPU
		{3F632672-D1CE-4549-8EB8-5863C290018E}.Release|x64.Build.0 = Release|Any CPU
		{3F632672-D1CE-4549-8EB8-5863C290018E}.Release|x86.ActiveCfg = Release|Any CPU
		{3F632672-D1CE-4549-8EB8-5863C290018E}.Release|x86.Build.0 = Release|Any CPU
		{35A8CD81-5627-4E6C-A45D-D51D25E24C1D}.Debug|Any CPU.ActiveCfg = Debug|Any CPU
		{35A8CD81-5627-4E6C-A45D-D51D25E24C1D}.Debug|Any CPU.Build.0 = Debug|Any CPU
		{35A8CD81-5627-4E6C-A45D-D51D25E24C1D}.Debug|x64.ActiveCfg = Debug|Any CPU
		{35A8CD81-5627-4E6C-A45D-D51D25E24C1D}.Debug|x64.Build.0 = Debug|Any CPU
		{35A8CD81-5627-4E6C-A45D-D51D25E24C1D}.Debug|x86.ActiveCfg = Debug|Any CPU
		{35A8CD81-5627-4E6C-A45D-D51D25E24C1D}.Debug|x86.Build.0 = Debug|Any CPU
		{35A8CD81-5627-4E6C-A45D-D51D25E24C1D}.Release|Any CPU.ActiveCfg = Release|Any CPU
		{35A8CD81-5627-4E6C-A45D-D51D25E24C1D}.Release|Any CPU.Build.0 = Release|Any CPU
		{35A8CD81-5627-4E6C-A45D-D51D25E24C1D}.Release|x64.ActiveCfg = Release|Any CPU
		{35A8CD81-5627-4E6C-A45D-D51D25E24C1D}.Release|x64.Build.0 = Release|Any CPU
		{35A8CD81-5627-4E6C-A45D-D51D25E24C1D}.Release|x86.ActiveCfg = Release|Any CPU
		{35A8CD81-5627-4E6C-A45D-D51D25E24C1D}.Release|x86.Build.0 = Release|Any CPU
		{C456AA49-3EDC-4EC0-8481-DF9DDEFBDF4F}.Debug|Any CPU.ActiveCfg = Debug|Any CPU
		{C456AA49-3EDC-4EC0-8481-DF9DDEFBDF4F}.Debug|Any CPU.Build.0 = Debug|Any CPU
		{C456AA49-3EDC-4EC0-8481-DF9DDEFBDF4F}.Debug|x64.ActiveCfg = Debug|Any CPU
		{C456AA49-3EDC-4EC0-8481-DF9DDEFBDF4F}.Debug|x64.Build.0 = Debug|Any CPU
		{C456AA49-3EDC-4EC0-8481-DF9DDEFBDF4F}.Debug|x86.ActiveCfg = Debug|Any CPU
		{C456AA49-3EDC-4EC0-8481-DF9DDEFBDF4F}.Debug|x86.Build.0 = Debug|Any CPU
		{C456AA49-3EDC-4EC0-8481-DF9DDEFBDF4F}.Release|Any CPU.ActiveCfg = Release|Any CPU
		{C456AA49-3EDC-4EC0-8481-DF9DDEFBDF4F}.Release|Any CPU.Build.0 = Release|Any CPU
		{C456AA49-3EDC-4EC0-8481-DF9DDEFBDF4F}.Release|x64.ActiveCfg = Release|Any CPU
		{C456AA49-3EDC-4EC0-8481-DF9DDEFBDF4F}.Release|x64.Build.0 = Release|Any CPU
		{C456AA49-3EDC-4EC0-8481-DF9DDEFBDF4F}.Release|x86.ActiveCfg = Release|Any CPU
		{C456AA49-3EDC-4EC0-8481-DF9DDEFBDF4F}.Release|x86.Build.0 = Release|Any CPU
	EndGlobalSection
	GlobalSection(SolutionProperties) = preSolution
		HideSolutionNode = FALSE
	EndGlobalSection
EndGlobal
